{
  "nodes": {
    "home-manager": {
      "inputs": {
        "nixpkgs": [
          "nixpkgs"
        ],
        "utils": "utils"
      },
      "locked": {
        "lastModified": 1665655007,
        "narHash": "sha256-34ZMJlgqJb73RY/gJz8B4cjdM5ukas2crMYQpmyRGeQ=",
        "owner": "nix-community",
        "repo": "home-manager",
        "rev": "8cbc6500dfca22d907054f68c564019b3b6cf295",
        "type": "github"
      },
      "original": {
        "id": "home-manager",
        "type": "indirect"
      }
    },
    "nixpkgs": {
      "locked": {
        "lastModified": 1665634984,
        "narHash": "sha256-zwXeMc96BD9iFxSB/SLr3dI8iYpqM+seX9qy6bGV+cw=",
        "owner": "NixOS",
        "repo": "nixpkgs",
        "rev": "cfea568da97a2668ef3cb3fc42eaacfb0e706807",
        "type": "github"
      },
      "original": {
        "id": "nixpkgs",
        "ref": "nixpkgs-unstable",
        "type": "indirect"
      }
    },
    "nixpkgs-unfree": {
      "inputs": {
        "nixpkgs": [
          "nixpkgs"
        ]
      },
      "locked": {
        "lastModified": 1665671100,
        "narHash": "sha256-BapfSDnzijMxOypa1YY0Jd0SCfxBdjb58+uhSLfJsac=",
        "owner": "numtide",
        "repo": "nixpkgs-unfree",
        "rev": "9aa824a65c43b95daa78f349dc8dd9d9bb74e915",
        "type": "github"
      },
      "original": {
        "owner": "numtide",
        "ref": "nixpkgs-unstable",
        "repo": "nixpkgs-unfree",
        "type": "github"
      }
    },
    "root": {
      "inputs": {
        "home-manager": "home-manager",
        "nixpkgs": "nixpkgs",
        "nixpkgs-unfree": "nixpkgs-unfree"
      }
    },
    "utils": {
      "locked": {
        "lastModified": 1659877975,
        "narHash": "sha256-zllb8aq3YO3h8B/U0/J1WBgAL8EX5yWf5pMj3G0NAmc=",
        "owner": "numtide",
        "repo": "flake-utils",
        "rev": "c0e246b9b83f637f4681389ecabcb2681b4f3af0",
        "type": "github"
      },
      "original": {
        "owner": "numtide",
        "repo": "flake-utils",
        "type": "github"
      }
    }
  },
  "root": "root",
  "version": 7
}
