{
  "nodes": {
    "home-manager": {
      "inputs": {
        "nixpkgs": [
          "nixpkgs"
        ],
        "utils": "utils"
      },
      "locked": {
        "lastModified": 1658151168,
        "narHash": "sha256-0uHoOHr20pJTOGzgS4kNgOP4wfrch0fc+9vZ/6LgD44=",
        "owner": "nix-community",
        "repo": "home-manager",
        "rev": "4a724cb84cc3aa464af1713d11bf0cfbbdb56c00",
        "type": "github"
      },
      "original": {
        "id": "home-manager",
        "type": "indirect"
      }
    },
    "nixpkgs": {
      "locked": {
        "lastModified": 1658240757,
        "narHash": "sha256-dG4NfEQkllCmRHmZScd+5NA+ncuWNO9KdeWltl9zFjA=",
        "owner": "NixOS",
        "repo": "nixpkgs",
        "rev": "d57f20b903c801b9325aea6279a4d61d19368fb0",
        "type": "github"
      },
      "original": {
        "id": "nixpkgs",
        "ref": "nixpkgs-unstable",
        "type": "indirect"
      }
    },
    "nixpkgs-unfree": {
      "inputs": {
        "nixpkgs": [
          "nixpkgs"
        ]
      },
      "locked": {
        "lastModified": 1653662045,
        "narHash": "sha256-pTn2FPLsaHMWcP442jTN30YQZlO9K9VbWjkK6u++Q1g=",
        "owner": "numtide",
        "repo": "nixpkgs-unfree",
        "rev": "d9e8ab22f97457284c676885bc874f2fa8552ea4",
        "type": "github"
      },
      "original": {
        "owner": "numtide",
        "repo": "nixpkgs-unfree",
        "type": "github"
      }
    },
    "root": {
      "inputs": {
        "home-manager": "home-manager",
        "nixpkgs": "nixpkgs",
        "nixpkgs-unfree": "nixpkgs-unfree"
      }
    },
    "utils": {
      "locked": {
        "lastModified": 1653893745,
        "narHash": "sha256-0jntwV3Z8//YwuOjzhV2sgJJPt+HY6KhU7VZUL0fKZQ=",
        "owner": "numtide",
        "repo": "flake-utils",
        "rev": "1ed9fb1935d260de5fe1c2f7ee0ebaae17ed2fa1",
        "type": "github"
      },
      "original": {
        "owner": "numtide",
        "repo": "flake-utils",
        "type": "github"
      }
    }
  },
  "root": "root",
  "version": 7
}
